
Microsoft Visual Studio Solution File, Format Version 12.00
# Visual Studio Version 17
VisualStudioVersion = 17.3.32825.248
MinimumVisualStudioVersion = 10.0.40219.1
Project("{9A19103F-16F7-4668-BE54-9A1E7A4F7556}") = "P3_Project", "P3_Project\P3_Project.csproj", "{D0CB9986-2C3A-4568-B1C1-F5866CCD117A}"
EndProject
Global
	GlobalSection(SolutionConfigurationPlatforms) = preSolution
		Debug|Any CPU = Debug|Any CPU
		Release|Any CPU = Release|Any CPU
	EndGlobalSection
	GlobalSection(ProjectConfigurationPlatforms) = postSolution
		{D0CB9986-2C3A-4568-B1C1-F5866CCD117A}.Debug|Any CPU.ActiveCfg = Debug|Any CPU
		{D0CB9986-2C3A-4568-B1C1-F5866CCD117A}.Debug|Any CPU.Build.0 = Debug|Any CPU
		{D0CB9986-2C3A-4568-B1C1-F5866CCD117A}.Release|Any CPU.ActiveCfg = Release|Any CPU
		{D0CB9986-2C3A-4568-B1C1-F5866CCD117A}.Release|Any CPU.Build.0 = Release|Any CPU
	EndGlobalSection
	GlobalSection(SolutionProperties) = preSolution
		HideSolutionNode = FALSE
	EndGlobalSection
	GlobalSection(ExtensibilityGlobals) = postSolution
		SolutionGuid = {3E499EC3-2F10-4805-AAB4-CA5A0A778D1F}
	EndGlobalSection
EndGlobal
